// !$*UTF8*$!
{
	archiveVersion = 1;
	classes = {
	};
	objectVersion = 56;
	objects = {

/* Begin PBXBuildFile section */
		1F291BDA2C521DFC00D2B510 /* AppDelegate.swift in Sources */ = {isa = PBXBuildFile; fileRef = 1F291BD92C521DFC00D2B510 /* AppDelegate.swift */; };
		1F291BDC2C521DFC00D2B510 /* SceneDelegate.swift in Sources */ = {isa = PBXBuildFile; fileRef = 1F291BDB2C521DFC00D2B510 /* SceneDelegate.swift */; };
		1F291BDE2C521DFC00D2B510 /* ViewController.swift in Sources */ = {isa = PBXBuildFile; fileRef = 1F291BDD2C521DFC00D2B510 /* ViewController.swift */; };
		1F291BE12C521DFC00D2B510 /* Base in Resources */ = {isa = PBXBuildFile; fileRef = 1F291BE02C521DFC00D2B510 /* Base */; };
		1F291BE42C521DFC00D2B510 /* Orbscape.xcdatamodeld in Sources */ = {isa = PBXBuildFile; fileRef = 1F291BE22C521DFC00D2B510 /* Orbscape.xcdatamodeld */; };
		1F291BE92C521DFD00D2B510 /* Base in Resources */ = {isa = PBXBuildFile; fileRef = 1F291BE82C521DFD00D2B510 /* Base */; };
		1F291BF12C521E8D00D2B510 /* GameScene.sks in Resources */ = {isa = PBXBuildFile; fileRef = 1F291BF02C521E8D00D2B510 /* GameScene.sks */; };
		1F291BF52C521E9800D2B510 /* GameScene.swift in Sources */ = {isa = PBXBuildFile; fileRef = 1F291BF42C521E9800D2B510 /* GameScene.swift */; };
		1F291BF72C521EA000D2B510 /* GameViewController.swift in Sources */ = {isa = PBXBuildFile; fileRef = 1F291BF62C521EA000D2B510 /* GameViewController.swift */; };
		1F291BF92C52202F00D2B510 /* Assets.xcassets in Resources */ = {isa = PBXBuildFile; fileRef = 1F291BF82C52202F00D2B510 /* Assets.xcassets */; };
		1F5193432C5D5EE600D085F0 /* MazeMap.sks in Resources */ = {isa = PBXBuildFile; fileRef = 1F5193422C5D5EE600D085F0 /* MazeMap.sks */; };
		1F67D15F2C581EE2009289C6 /* MazeMaker.swift in Sources */ = {isa = PBXBuildFile; fileRef = 1F67D15E2C581EE2009289C6 /* MazeMaker.swift */; };
		BFC118A72C6870540087D567 /* Globals.swift in Sources */ = {isa = PBXBuildFile; fileRef = BFC118A62C6870540087D567 /* Globals.swift */; };
		BFC118A92C697F610087D567 /* HappyPopsSound.mp3 in Resources */ = {isa = PBXBuildFile; fileRef = BFC118A82C697F610087D567 /* HappyPopsSound.mp3 */; };
		BFEF66812C5669D300CA9B18 /* Gameplay.storyboard in Resources */ = {isa = PBXBuildFile; fileRef = BFEF66802C5669D300CA9B18 /* Gameplay.storyboard */; };
		BFEF668D2C58673F00CA9B18 /* HomeScreenVC.swift in Sources */ = {isa = PBXBuildFile; fileRef = BFEF668C2C58673F00CA9B18 /* HomeScreenVC.swift */; };
		BFEF668F2C586DF900CA9B18 /* LevelsVC.swift in Sources */ = {isa = PBXBuildFile; fileRef = BFEF668E2C586DF900CA9B18 /* LevelsVC.swift */; };
		BFEF66912C586E1E00CA9B18 /* SettingsVC.swift in Sources */ = {isa = PBXBuildFile; fileRef = BFEF66902C586E1E00CA9B18 /* SettingsVC.swift */; };
		BFEF66932C586E3600CA9B18 /* CustomizeVC.swift in Sources */ = {isa = PBXBuildFile; fileRef = BFEF66922C586E3600CA9B18 /* CustomizeVC.swift */; };
		BFEF66972C587DD700CA9B18 /* ItemSelectionVC.swift in Sources */ = {isa = PBXBuildFile; fileRef = BFEF66962C587DD700CA9B18 /* ItemSelectionVC.swift */; };
		BFEF66992C5880A600CA9B18 /* ItemTypes.swift in Sources */ = {isa = PBXBuildFile; fileRef = BFEF66982C5880A500CA9B18 /* ItemTypes.swift */; };
		BFEF669B2C5891BB00CA9B18 /* UIGameplayVC.swift in Sources */ = {isa = PBXBuildFile; fileRef = BFEF669A2C5891BB00CA9B18 /* UIGameplayVC.swift */; };
		BFEF669D2C58926300CA9B18 /* ConfirmItemVC.swift in Sources */ = {isa = PBXBuildFile; fileRef = BFEF669C2C58926300CA9B18 /* ConfirmItemVC.swift */; };
		BFEF66C72C62DA3400CA9B18 /* GameNavigationBar.swift in Sources */ = {isa = PBXBuildFile; fileRef = BFEF66C62C62DA3300CA9B18 /* GameNavigationBar.swift */; };
		BFEF66E92C647F0B00CA9B18 /* ballAnimationView.swift in Sources */ = {isa = PBXBuildFile; fileRef = BFEF66E82C647F0B00CA9B18 /* ballAnimationView.swift */; };
/* End PBXBuildFile section */

/* Begin PBXFileReference section */
		1F291BD62C521DFC00D2B510 /* Orbscape.app */ = {isa = PBXFileReference; explicitFileType = wrapper.application; includeInIndex = 0; path = Orbscape.app; sourceTree = BUILT_PRODUCTS_DIR; };
		1F291BD92C521DFC00D2B510 /* AppDelegate.swift */ = {isa = PBXFileReference; lastKnownFileType = sourcecode.swift; path = AppDelegate.swift; sourceTree = "<group>"; };
		1F291BDB2C521DFC00D2B510 /* SceneDelegate.swift */ = {isa = PBXFileReference; lastKnownFileType = sourcecode.swift; path = SceneDelegate.swift; sourceTree = "<group>"; };
		1F291BDD2C521DFC00D2B510 /* ViewController.swift */ = {isa = PBXFileReference; lastKnownFileType = sourcecode.swift; path = ViewController.swift; sourceTree = "<group>"; };
		1F291BE02C521DFC00D2B510 /* Base */ = {isa = PBXFileReference; lastKnownFileType = file.storyboard; name = Base; path = Base.lproj/Main.storyboard; sourceTree = "<group>"; };
		1F291BE32C521DFC00D2B510 /* Orbscape.xcdatamodel */ = {isa = PBXFileReference; lastKnownFileType = wrapper.xcdatamodel; path = Orbscape.xcdatamodel; sourceTree = "<group>"; };
		1F291BE82C521DFD00D2B510 /* Base */ = {isa = PBXFileReference; lastKnownFileType = file.storyboard; name = Base; path = Base.lproj/LaunchScreen.storyboard; sourceTree = "<group>"; };
		1F291BEA2C521DFD00D2B510 /* Info.plist */ = {isa = PBXFileReference; lastKnownFileType = text.plist.xml; name = Info.plist; path = Orbscape/Info.plist; sourceTree = SOURCE_ROOT; };
		1F291BF02C521E8D00D2B510 /* GameScene.sks */ = {isa = PBXFileReference; lastKnownFileType = file.sks; path = GameScene.sks; sourceTree = "<group>"; };
		1F291BF42C521E9800D2B510 /* GameScene.swift */ = {isa = PBXFileReference; fileEncoding = 4; lastKnownFileType = sourcecode.swift; path = GameScene.swift; sourceTree = "<group>"; };
		1F291BF62C521EA000D2B510 /* GameViewController.swift */ = {isa = PBXFileReference; fileEncoding = 4; lastKnownFileType = sourcecode.swift; path = GameViewController.swift; sourceTree = "<group>"; };
		1F291BF82C52202F00D2B510 /* Assets.xcassets */ = {isa = PBXFileReference; lastKnownFileType = folder.assetcatalog; path = Assets.xcassets; sourceTree = "<group>"; };
		1F5193422C5D5EE600D085F0 /* MazeMap.sks */ = {isa = PBXFileReference; lastKnownFileType = file.sks; path = MazeMap.sks; sourceTree = "<group>"; };
		1F67D15E2C581EE2009289C6 /* MazeMaker.swift */ = {isa = PBXFileReference; lastKnownFileType = sourcecode.swift; path = MazeMaker.swift; sourceTree = "<group>"; };
		BFC118A62C6870540087D567 /* Globals.swift */ = {isa = PBXFileReference; lastKnownFileType = sourcecode.swift; path = Globals.swift; sourceTree = "<group>"; };
		BFC118A82C697F610087D567 /* HappyPopsSound.mp3 */ = {isa = PBXFileReference; lastKnownFileType = audio.mp3; path = HappyPopsSound.mp3; sourceTree = "<group>"; };
		BFEF66802C5669D300CA9B18 /* Gameplay.storyboard */ = {isa = PBXFileReference; lastKnownFileType = file.storyboard; path = Gameplay.storyboard; sourceTree = "<group>"; };
		BFEF668C2C58673F00CA9B18 /* HomeScreenVC.swift */ = {isa = PBXFileReference; lastKnownFileType = sourcecode.swift; path = HomeScreenVC.swift; sourceTree = "<group>"; };
		BFEF668E2C586DF900CA9B18 /* LevelsVC.swift */ = {isa = PBXFileReference; lastKnownFileType = sourcecode.swift; path = LevelsVC.swift; sourceTree = "<group>"; };
		BFEF66902C586E1E00CA9B18 /* SettingsVC.swift */ = {isa = PBXFileReference; lastKnownFileType = sourcecode.swift; path = SettingsVC.swift; sourceTree = "<group>"; };
		BFEF66922C586E3600CA9B18 /* CustomizeVC.swift */ = {isa = PBXFileReference; lastKnownFileType = sourcecode.swift; path = CustomizeVC.swift; sourceTree = "<group>"; };
		BFEF66962C587DD700CA9B18 /* ItemSelectionVC.swift */ = {isa = PBXFileReference; lastKnownFileType = sourcecode.swift; path = ItemSelectionVC.swift; sourceTree = "<group>"; };
		BFEF66982C5880A500CA9B18 /* ItemTypes.swift */ = {isa = PBXFileReference; lastKnownFileType = sourcecode.swift; path = ItemTypes.swift; sourceTree = "<group>"; };
		BFEF669A2C5891BB00CA9B18 /* UIGameplayVC.swift */ = {isa = PBXFileReference; lastKnownFileType = sourcecode.swift; path = UIGameplayVC.swift; sourceTree = "<group>"; };
		BFEF669C2C58926300CA9B18 /* ConfirmItemVC.swift */ = {isa = PBXFileReference; lastKnownFileType = sourcecode.swift; path = ConfirmItemVC.swift; sourceTree = "<group>"; };
		BFEF66C62C62DA3300CA9B18 /* GameNavigationBar.swift */ = {isa = PBXFileReference; lastKnownFileType = sourcecode.swift; path = GameNavigationBar.swift; sourceTree = "<group>"; };
		BFEF66E82C647F0B00CA9B18 /* ballAnimationView.swift */ = {isa = PBXFileReference; lastKnownFileType = sourcecode.swift; path = ballAnimationView.swift; sourceTree = "<group>"; };
/* End PBXFileReference section */

/* Begin PBXFrameworksBuildPhase section */
		1F291BD32C521DFC00D2B510 /* Frameworks */ = {
			isa = PBXFrameworksBuildPhase;
			buildActionMask = 2147483647;
			files = (
			);
			runOnlyForDeploymentPostprocessing = 0;
		};
/* End PBXFrameworksBuildPhase section */

/* Begin PBXGroup section */
		1F291BCD2C521DFB00D2B510 = {
			isa = PBXGroup;
			children = (
				1F291BD82C521DFC00D2B510 /* Orbscape */,
				1F291BD72C521DFC00D2B510 /* Products */,
			);
			sourceTree = "<group>";
		};
		1F291BD72C521DFC00D2B510 /* Products */ = {
			isa = PBXGroup;
			children = (
				1F291BD62C521DFC00D2B510 /* Orbscape.app */,
			);
			name = Products;
			sourceTree = "<group>";
		};
		1F291BD82C521DFC00D2B510 /* Orbscape */ = {
			isa = PBXGroup;
			children = (
				1F291BD92C521DFC00D2B510 /* AppDelegate.swift */,
				1F291BDB2C521DFC00D2B510 /* SceneDelegate.swift */,
				1F291BDD2C521DFC00D2B510 /* ViewController.swift */,
				BFEF669A2C5891BB00CA9B18 /* UIGameplayVC.swift */,
				BFEF668C2C58673F00CA9B18 /* HomeScreenVC.swift */,
				BFEF66E82C647F0B00CA9B18 /* ballAnimationView.swift */,
				BFEF668E2C586DF900CA9B18 /* LevelsVC.swift */,
				BFEF66922C586E3600CA9B18 /* CustomizeVC.swift */,
				BFEF66962C587DD700CA9B18 /* ItemSelectionVC.swift */,
				BFEF669C2C58926300CA9B18 /* ConfirmItemVC.swift */,
				BFEF66902C586E1E00CA9B18 /* SettingsVC.swift */,
				BFEF66982C5880A500CA9B18 /* ItemTypes.swift */,
				BFC118A62C6870540087D567 /* Globals.swift */,
				1F291BE72C521DFD00D2B510 /* LaunchScreen.storyboard */,
				1F291BDF2C521DFC00D2B510 /* Main.storyboard */,
				BFEF66802C5669D300CA9B18 /* Gameplay.storyboard */,
				1F291BF82C52202F00D2B510 /* Assets.xcassets */,
				1F291BEA2C521DFD00D2B510 /* Info.plist */,
				1F291BE22C521DFC00D2B510 /* Orbscape.xcdatamodeld */,
				1F291BF02C521E8D00D2B510 /* GameScene.sks */,
				1F291BF42C521E9800D2B510 /* GameScene.swift */,
				1F291BF62C521EA000D2B510 /* GameViewController.swift */,
				1F67D15E2C581EE2009289C6 /* MazeMaker.swift */,
				1F5193422C5D5EE600D085F0 /* MazeMap.sks */,
				BFEF66C62C62DA3300CA9B18 /* GameNavigationBar.swift */,
				BFC118A82C697F610087D567 /* HappyPopsSound.mp3 */,
			);
			path = Orbscape;
			sourceTree = "<group>";
		};
/* End PBXGroup section */

/* Begin PBXNativeTarget section */
		1F291BD52C521DFC00D2B510 /* Orbscape */ = {
			isa = PBXNativeTarget;
			buildConfigurationList = 1F291BED2C521DFD00D2B510 /* Build configuration list for PBXNativeTarget "Orbscape" */;
			buildPhases = (
				1F291BD22C521DFC00D2B510 /* Sources */,
				1F291BD32C521DFC00D2B510 /* Frameworks */,
				1F291BD42C521DFC00D2B510 /* Resources */,
			);
			buildRules = (
			);
			dependencies = (
			);
			name = Orbscape;
			productName = Orbscape;
			productReference = 1F291BD62C521DFC00D2B510 /* Orbscape.app */;
			productType = "com.apple.product-type.application";
		};
/* End PBXNativeTarget section */

/* Begin PBXProject section */
		1F291BCE2C521DFB00D2B510 /* Project object */ = {
			isa = PBXProject;
			attributes = {
				BuildIndependentTargetsInParallel = 1;
				LastSwiftUpdateCheck = 1540;
				LastUpgradeCheck = 1540;
				TargetAttributes = {
					1F291BD52C521DFC00D2B510 = {
						CreatedOnToolsVersion = 15.4;
					};
				};
			};
			buildConfigurationList = 1F291BD12C521DFB00D2B510 /* Build configuration list for PBXProject "Orbscape" */;
			compatibilityVersion = "Xcode 14.0";
			developmentRegion = en;
			hasScannedForEncodings = 0;
			knownRegions = (
				en,
				Base,
			);
			mainGroup = 1F291BCD2C521DFB00D2B510;
			productRefGroup = 1F291BD72C521DFC00D2B510 /* Products */;
			projectDirPath = "";
			projectRoot = "";
			targets = (
				1F291BD52C521DFC00D2B510 /* Orbscape */,
			);
		};
/* End PBXProject section */

/* Begin PBXResourcesBuildPhase section */
		1F291BD42C521DFC00D2B510 /* Resources */ = {
			isa = PBXResourcesBuildPhase;
			buildActionMask = 2147483647;
			files = (
				BFEF66812C5669D300CA9B18 /* Gameplay.storyboard in Resources */,
				1F291BF12C521E8D00D2B510 /* GameScene.sks in Resources */,
				1F291BE92C521DFD00D2B510 /* Base in Resources */,
				1F291BE12C521DFC00D2B510 /* Base in Resources */,
				1F291BF92C52202F00D2B510 /* Assets.xcassets in Resources */,
				BFC118A92C697F610087D567 /* HappyPopsSound.mp3 in Resources */,
				1F5193432C5D5EE600D085F0 /* MazeMap.sks in Resources */,
			);
			runOnlyForDeploymentPostprocessing = 0;
		};
/* End PBXResourcesBuildPhase section */

/* Begin PBXSourcesBuildPhase section */
		1F291BD22C521DFC00D2B510 /* Sources */ = {
			isa = PBXSourcesBuildPhase;
			buildActionMask = 2147483647;
			files = (
				1F291BF52C521E9800D2B510 /* GameScene.swift in Sources */,
				BFEF66992C5880A600CA9B18 /* ItemTypes.swift in Sources */,
				1F291BE42C521DFC00D2B510 /* Orbscape.xcdatamodeld in Sources */,
				1F67D15F2C581EE2009289C6 /* MazeMaker.swift in Sources */,
				BFEF66932C586E3600CA9B18 /* CustomizeVC.swift in Sources */,
				1F291BDE2C521DFC00D2B510 /* ViewController.swift in Sources */,
				BFEF66972C587DD700CA9B18 /* ItemSelectionVC.swift in Sources */,
				1F291BDA2C521DFC00D2B510 /* AppDelegate.swift in Sources */,
				BFC118A72C6870540087D567 /* Globals.swift in Sources */,
				BFEF669B2C5891BB00CA9B18 /* UIGameplayVC.swift in Sources */,
				BFEF66E92C647F0B00CA9B18 /* ballAnimationView.swift in Sources */,
				BFEF669D2C58926300CA9B18 /* ConfirmItemVC.swift in Sources */,
				BFEF66C72C62DA3400CA9B18 /* GameNavigationBar.swift in Sources */,
				BFEF668D2C58673F00CA9B18 /* HomeScreenVC.swift in Sources */,
				BFEF668F2C586DF900CA9B18 /* LevelsVC.swift in Sources */,
				1F291BF72C521EA000D2B510 /* GameViewController.swift in Sources */,
				1F291BDC2C521DFC00D2B510 /* SceneDelegate.swift in Sources */,
				BFEF66912C586E1E00CA9B18 /* SettingsVC.swift in Sources */,
			);
			runOnlyForDeploymentPostprocessing = 0;
		};
/* End PBXSourcesBuildPhase section */

/* Begin PBXVariantGroup section */
		1F291BDF2C521DFC00D2B510 /* Main.storyboard */ = {
			isa = PBXVariantGroup;
			children = (
				1F291BE02C521DFC00D2B510 /* Base */,
			);
			name = Main.storyboard;
			sourceTree = "<group>";
		};
		1F291BE72C521DFD00D2B510 /* LaunchScreen.storyboard */ = {
			isa = PBXVariantGroup;
			children = (
				1F291BE82C521DFD00D2B510 /* Base */,
			);
			name = LaunchScreen.storyboard;
			sourceTree = "<group>";
		};
/* End PBXVariantGroup section */

/* Begin XCBuildConfiguration section */
		1F291BEB2C521DFD00D2B510 /* Debug */ = {
			isa = XCBuildConfiguration;
			buildSettings = {
				ALWAYS_SEARCH_USER_PATHS = NO;
				ASSETCATALOG_COMPILER_GENERATE_SWIFT_ASSET_SYMBOL_EXTENSIONS = YES;
				CLANG_ANALYZER_NONNULL = YES;
				CLANG_ANALYZER_NUMBER_OBJECT_CONVERSION = YES_AGGRESSIVE;
				CLANG_CXX_LANGUAGE_STANDARD = "gnu++20";
				CLANG_ENABLE_MODULES = YES;
				CLANG_ENABLE_OBJC_ARC = YES;
				CLANG_ENABLE_OBJC_WEAK = YES;
				CLANG_WARN_BLOCK_CAPTURE_AUTORELEASING = YES;
				CLANG_WARN_BOOL_CONVERSION = YES;
				CLANG_WARN_COMMA = YES;
				CLANG_WARN_CONSTANT_CONVERSION = YES;
				CLANG_WARN_DEPRECATED_OBJC_IMPLEMENTATIONS = YES;
				CLANG_WARN_DIRECT_OBJC_ISA_USAGE = YES_ERROR;
				CLANG_WARN_DOCUMENTATION_COMMENTS = YES;
				CLANG_WARN_EMPTY_BODY = YES;
				CLANG_WARN_ENUM_CONVERSION = YES;
				CLANG_WARN_INFINITE_RECURSION = YES;
				CLANG_WARN_INT_CONVERSION = YES;
				CLANG_WARN_NON_LITERAL_NULL_CONVERSION = YES;
				CLANG_WARN_OBJC_IMPLICIT_RETAIN_SELF = YES;
				CLANG_WARN_OBJC_LITERAL_CONVERSION = YES;
				CLANG_WARN_OBJC_ROOT_CLASS = YES_ERROR;
				CLANG_WARN_QUOTED_INCLUDE_IN_FRAMEWORK_HEADER = YES;
				CLANG_WARN_RANGE_LOOP_ANALYSIS = YES;
				CLANG_WARN_STRICT_PROTOTYPES = YES;
				CLANG_WARN_SUSPICIOUS_MOVE = YES;
				CLANG_WARN_UNGUARDED_AVAILABILITY = YES_AGGRESSIVE;
				CLANG_WARN_UNREACHABLE_CODE = YES;
				CLANG_WARN__DUPLICATE_METHOD_MATCH = YES;
				COPY_PHASE_STRIP = NO;
				DEBUG_INFORMATION_FORMAT = dwarf;
				ENABLE_STRICT_OBJC_MSGSEND = YES;
				ENABLE_TESTABILITY = YES;
				ENABLE_USER_SCRIPT_SANDBOXING = YES;
				GCC_C_LANGUAGE_STANDARD = gnu17;
				GCC_DYNAMIC_NO_PIC = NO;
				GCC_NO_COMMON_BLOCKS = YES;
				GCC_OPTIMIZATION_LEVEL = 0;
				GCC_PREPROCESSOR_DEFINITIONS = (
					"DEBUG=1",
					"$(inherited)",
				);
				GCC_WARN_64_TO_32_BIT_CONVERSION = YES;
				GCC_WARN_ABOUT_RETURN_TYPE = YES_ERROR;
				GCC_WARN_UNDECLARED_SELECTOR = YES;
				GCC_WARN_UNINITIALIZED_AUTOS = YES_AGGRESSIVE;
				GCC_WARN_UNUSED_FUNCTION = YES;
				GCC_WARN_UNUSED_VARIABLE = YES;
				IPHONEOS_DEPLOYMENT_TARGET = 17.5;
				LOCALIZATION_PREFERS_STRING_CATALOGS = YES;
				MTL_ENABLE_DEBUG_INFO = INCLUDE_SOURCE;
				MTL_FAST_MATH = YES;
				ONLY_ACTIVE_ARCH = YES;
				SDKROOT = iphoneos;
				SWIFT_ACTIVE_COMPILATION_CONDITIONS = "DEBUG $(inherited)";
				SWIFT_OPTIMIZATION_LEVEL = "-Onone";
			};
			name = Debug;
		};
		1F291BEC2C521DFD00D2B510 /* Release */ = {
			isa = XCBuildConfiguration;
			buildSettings = {
				ALWAYS_SEARCH_USER_PATHS = NO;
				ASSETCATALOG_COMPILER_GENERATE_SWIFT_ASSET_SYMBOL_EXTENSIONS = YES;
				CLANG_ANALYZER_NONNULL = YES;
				CLANG_ANALYZER_NUMBER_OBJECT_CONVERSION = YES_AGGRESSIVE;
				CLANG_CXX_LANGUAGE_STANDARD = "gnu++20";
				CLANG_ENABLE_MODULES = YES;
				CLANG_ENABLE_OBJC_ARC = YES;
				CLANG_ENABLE_OBJC_WEAK = YES;
				CLANG_WARN_BLOCK_CAPTURE_AUTORELEASING = YES;
				CLANG_WARN_BOOL_CONVERSION = YES;
				CLANG_WARN_COMMA = YES;
				CLANG_WARN_CONSTANT_CONVERSION = YES;
				CLANG_WARN_DEPRECATED_OBJC_IMPLEMENTATIONS = YES;
				CLANG_WARN_DIRECT_OBJC_ISA_USAGE = YES_ERROR;
				CLANG_WARN_DOCUMENTATION_COMMENTS = YES;
				CLANG_WARN_EMPTY_BODY = YES;
				CLANG_WARN_ENUM_CONVERSION = YES;
				CLANG_WARN_INFINITE_RECURSION = YES;
				CLANG_WARN_INT_CONVERSION = YES;
				CLANG_WARN_NON_LITERAL_NULL_CONVERSION = YES;
				CLANG_WARN_OBJC_IMPLICIT_RETAIN_SELF = YES;
				CLANG_WARN_OBJC_LITERAL_CONVERSION = YES;
				CLANG_WARN_OBJC_ROOT_CLASS = YES_ERROR;
				CLANG_WARN_QUOTED_INCLUDE_IN_FRAMEWORK_HEADER = YES;
				CLANG_WARN_RANGE_LOOP_ANALYSIS = YES;
				CLANG_WARN_STRICT_PROTOTYPES = YES;
				CLANG_WARN_SUSPICIOUS_MOVE = YES;
				CLANG_WARN_UNGUARDED_AVAILABILITY = YES_AGGRESSIVE;
				CLANG_WARN_UNREACHABLE_CODE = YES;
				CLANG_WARN__DUPLICATE_METHOD_MATCH = YES;
				COPY_PHASE_STRIP = NO;
				DEBUG_INFORMATION_FORMAT = "dwarf-with-dsym";
				ENABLE_NS_ASSERTIONS = NO;
				ENABLE_STRICT_OBJC_MSGSEND = YES;
				ENABLE_USER_SCRIPT_SANDBOXING = YES;
				GCC_C_LANGUAGE_STANDARD = gnu17;
				GCC_NO_COMMON_BLOCKS = YES;
				GCC_WARN_64_TO_32_BIT_CONVERSION = YES;
				GCC_WARN_ABOUT_RETURN_TYPE = YES_ERROR;
				GCC_WARN_UNDECLARED_SELECTOR = YES;
				GCC_WARN_UNINITIALIZED_AUTOS = YES_AGGRESSIVE;
				GCC_WARN_UNUSED_FUNCTION = YES;
				GCC_WARN_UNUSED_VARIABLE = YES;
				IPHONEOS_DEPLOYMENT_TARGET = 17.5;
				LOCALIZATION_PREFERS_STRING_CATALOGS = YES;
				MTL_ENABLE_DEBUG_INFO = NO;
				MTL_FAST_MATH = YES;
				SDKROOT = iphoneos;
				SWIFT_COMPILATION_MODE = wholemodule;
				VALIDATE_PRODUCT = YES;
			};
			name = Release;
		};
		1F291BEE2C521DFD00D2B510 /* Debug */ = {
			isa = XCBuildConfiguration;
			buildSettings = {
				ASSETCATALOG_COMPILER_APPICON_NAME = AppIcon;
				ASSETCATALOG_COMPILER_GLOBAL_ACCENT_COLOR_NAME = AccentColor;
				CODE_SIGN_STYLE = Automatic;
				CURRENT_PROJECT_VERSION = 1;
				DEVELOPMENT_TEAM = 672A7A2APR;
				GENERATE_INFOPLIST_FILE = YES;
				INFOPLIST_FILE = Orbscape/Info.plist;
				INFOPLIST_KEY_UIApplicationSupportsIndirectInputEvents = YES;
				INFOPLIST_KEY_UILaunchStoryboardName = LaunchScreen;
				INFOPLIST_KEY_UIMainStoryboardFile = Main;
				INFOPLIST_KEY_UISupportedInterfaceOrientations = UIInterfaceOrientationPortrait;
				LD_RUNPATH_SEARCH_PATHS = (
					"$(inherited)",
					"@executable_path/Frameworks",
				);
				MARKETING_VERSION = 1.0;
				PRODUCT_BUNDLE_IDENTIFIER = TeamSeven.Orbscapee;
				PRODUCT_NAME = "$(TARGET_NAME)";
				SWIFT_EMIT_LOC_STRINGS = YES;
				SWIFT_VERSION = 5.0;
				TARGETED_DEVICE_FAMILY = "1,2";
			};
			name = Debug;
		};
		1F291BEF2C521DFD00D2B510 /* Release */ = {
			isa = XCBuildConfiguration;
			buildSettings = {
				ASSETCATALOG_COMPILER_APPICON_NAME = AppIcon;
				ASSETCATALOG_COMPILER_GLOBAL_ACCENT_COLOR_NAME = AccentColor;
				CODE_SIGN_STYLE = Automatic;
				CURRENT_PROJECT_VERSION = 1;
				DEVELOPMENT_TEAM = 672A7A2APR;
				GENERATE_INFOPLIST_FILE = YES;
				INFOPLIST_FILE = Orbscape/Info.plist;
				INFOPLIST_KEY_UIApplicationSupportsIndirectInputEvents = YES;
				INFOPLIST_KEY_UILaunchStoryboardName = LaunchScreen;
				INFOPLIST_KEY_UIMainStoryboardFile = Main;
				INFOPLIST_KEY_UISupportedInterfaceOrientations = UIInterfaceOrientationPortrait;
				LD_RUNPATH_SEARCH_PATHS = (
					"$(inherited)",
					"@executable_path/Frameworks",
				);
				MARKETING_VERSION = 1.0;
				PRODUCT_BUNDLE_IDENTIFIER = TeamSeven.Orbscapee;
				PRODUCT_NAME = "$(TARGET_NAME)";
				SWIFT_EMIT_LOC_STRINGS = YES;
				SWIFT_VERSION = 5.0;
				TARGETED_DEVICE_FAMILY = "1,2";
			};
			name = Release;
		};
/* End XCBuildConfiguration section */

/* Begin XCConfigurationList section */
		1F291BD12C521DFB00D2B510 /* Build configuration list for PBXProject "Orbscape" */ = {
			isa = XCConfigurationList;
			buildConfigurations = (
				1F291BEB2C521DFD00D2B510 /* Debug */,
				1F291BEC2C521DFD00D2B510 /* Release */,
			);
			defaultConfigurationIsVisible = 0;
			defaultConfigurationName = Release;
		};
		1F291BED2C521DFD00D2B510 /* Build configuration list for PBXNativeTarget "Orbscape" */ = {
			isa = XCConfigurationList;
			buildConfigurations = (
				1F291BEE2C521DFD00D2B510 /* Debug */,
				1F291BEF2C521DFD00D2B510 /* Release */,
			);
			defaultConfigurationIsVisible = 0;
			defaultConfigurationName = Release;
		};
/* End XCConfigurationList section */

/* Begin XCVersionGroup section */
		1F291BE22C521DFC00D2B510 /* Orbscape.xcdatamodeld */ = {
			isa = XCVersionGroup;
			children = (
				1F291BE32C521DFC00D2B510 /* Orbscape.xcdatamodel */,
			);
			currentVersion = 1F291BE32C521DFC00D2B510 /* Orbscape.xcdatamodel */;
			path = Orbscape.xcdatamodeld;
			sourceTree = "<group>";
			versionGroupType = wrapper.xcdatamodel;
		};
/* End XCVersionGroup section */
	};
	rootObject = 1F291BCE2C521DFB00D2B510 /* Project object */;
}
