// !$*UTF8*$!
{
	archiveVersion = 1;
	classes = {
	};
	objectVersion = 56;
	objects = {

/* Begin PBXBuildFile section */
		1FA8AE7A2C457E33009BB656 /* AppDelegate.swift in Sources */ = {isa = PBXBuildFile; fileRef = 1FA8AE792C457E33009BB656 /* AppDelegate.swift */; };
		1FA8AE7C2C457E33009BB656 /* GameScene.sks in Resources */ = {isa = PBXBuildFile; fileRef = 1FA8AE7B2C457E33009BB656 /* GameScene.sks */; };
		1FA8AE7E2C457E33009BB656 /* Actions.sks in Resources */ = {isa = PBXBuildFile; fileRef = 1FA8AE7D2C457E33009BB656 /* Actions.sks */; };
		1FA8AE802C457E33009BB656 /* GameScene.swift in Sources */ = {isa = PBXBuildFile; fileRef = 1FA8AE7F2C457E33009BB656 /* GameScene.swift */; };
		1FA8AE822C457E33009BB656 /* GameViewController.swift in Sources */ = {isa = PBXBuildFile; fileRef = 1FA8AE812C457E33009BB656 /* GameViewController.swift */; };
		1FA8AE852C457E33009BB656 /* Base in Resources */ = {isa = PBXBuildFile; fileRef = 1FA8AE842C457E33009BB656 /* Base */; };
		1FA8AE872C457E34009BB656 /* Assets.xcassets in Resources */ = {isa = PBXBuildFile; fileRef = 1FA8AE862C457E34009BB656 /* Assets.xcassets */; };
		1FA8AE8A2C457E34009BB656 /* Base in Resources */ = {isa = PBXBuildFile; fileRef = 1FA8AE892C457E34009BB656 /* Base */; };
		1FA8AE942C457E34009BB656 /* ballTestTests.swift in Sources */ = {isa = PBXBuildFile; fileRef = 1FA8AE932C457E34009BB656 /* ballTestTests.swift */; };
		1FA8AE9E2C457E34009BB656 /* ballTestUITests.swift in Sources */ = {isa = PBXBuildFile; fileRef = 1FA8AE9D2C457E34009BB656 /* ballTestUITests.swift */; };
		1FA8AEA02C457E34009BB656 /* ballTestUITestsLaunchTests.swift in Sources */ = {isa = PBXBuildFile; fileRef = 1FA8AE9F2C457E34009BB656 /* ballTestUITestsLaunchTests.swift */; };
/* End PBXBuildFile section */

/* Begin PBXContainerItemProxy section */
		1FA8AE902C457E34009BB656 /* PBXContainerItemProxy */ = {
			isa = PBXContainerItemProxy;
			containerPortal = 1FA8AE6E2C457E32009BB656 /* Project object */;
			proxyType = 1;
			remoteGlobalIDString = 1FA8AE752C457E33009BB656;
			remoteInfo = ballTest;
		};
		1FA8AE9A2C457E34009BB656 /* PBXContainerItemProxy */ = {
			isa = PBXContainerItemProxy;
			containerPortal = 1FA8AE6E2C457E32009BB656 /* Project object */;
			proxyType = 1;
			remoteGlobalIDString = 1FA8AE752C457E33009BB656;
			remoteInfo = ballTest;
		};
/* End PBXContainerItemProxy section */

/* Begin PBXFileReference section */
		1FA8AE762C457E33009BB656 /* ballTest.app */ = {isa = PBXFileReference; explicitFileType = wrapper.application; includeInIndex = 0; path = ballTest.app; sourceTree = BUILT_PRODUCTS_DIR; };
		1FA8AE792C457E33009BB656 /* AppDelegate.swift */ = {isa = PBXFileReference; lastKnownFileType = sourcecode.swift; path = AppDelegate.swift; sourceTree = "<group>"; };
		1FA8AE7B2C457E33009BB656 /* GameScene.sks */ = {isa = PBXFileReference; lastKnownFileType = file.sks; path = GameScene.sks; sourceTree = "<group>"; };
		1FA8AE7D2C457E33009BB656 /* Actions.sks */ = {isa = PBXFileReference; lastKnownFileType = file.sks; path = Actions.sks; sourceTree = "<group>"; };
		1FA8AE7F2C457E33009BB656 /* GameScene.swift */ = {isa = PBXFileReference; lastKnownFileType = sourcecode.swift; path = GameScene.swift; sourceTree = "<group>"; };
		1FA8AE812C457E33009BB656 /* GameViewController.swift */ = {isa = PBXFileReference; lastKnownFileType = sourcecode.swift; path = GameViewController.swift; sourceTree = "<group>"; };
		1FA8AE842C457E33009BB656 /* Base */ = {isa = PBXFileReference; lastKnownFileType = file.storyboard; name = Base; path = Base.lproj/Main.storyboard; sourceTree = "<group>"; };
		1FA8AE862C457E34009BB656 /* Assets.xcassets */ = {isa = PBXFileReference; lastKnownFileType = folder.assetcatalog; path = Assets.xcassets; sourceTree = "<group>"; };
		1FA8AE892C457E34009BB656 /* Base */ = {isa = PBXFileReference; lastKnownFileType = file.storyboard; name = Base; path = Base.lproj/LaunchScreen.storyboard; sourceTree = "<group>"; };
		1FA8AE8F2C457E34009BB656 /* ballTestTests.xctest */ = {isa = PBXFileReference; explicitFileType = wrapper.cfbundle; includeInIndex = 0; path = ballTestTests.xctest; sourceTree = BUILT_PRODUCTS_DIR; };
		1FA8AE932C457E34009BB656 /* ballTestTests.swift */ = {isa = PBXFileReference; lastKnownFileType = sourcecode.swift; path = ballTestTests.swift; sourceTree = "<group>"; };
		1FA8AE992C457E34009BB656 /* ballTestUITests.xctest */ = {isa = PBXFileReference; explicitFileType = wrapper.cfbundle; includeInIndex = 0; path = ballTestUITests.xctest; sourceTree = BUILT_PRODUCTS_DIR; };
		1FA8AE9D2C457E34009BB656 /* ballTestUITests.swift */ = {isa = PBXFileReference; lastKnownFileType = sourcecode.swift; path = ballTestUITests.swift; sourceTree = "<group>"; };
		1FA8AE9F2C457E34009BB656 /* ballTestUITestsLaunchTests.swift */ = {isa = PBXFileReference; lastKnownFileType = sourcecode.swift; path = ballTestUITestsLaunchTests.swift; sourceTree = "<group>"; };
/* End PBXFileReference section */

/* Begin PBXFrameworksBuildPhase section */
		1FA8AE732C457E33009BB656 /* Frameworks */ = {
			isa = PBXFrameworksBuildPhase;
			buildActionMask = 2147483647;
			files = (
			);
			runOnlyForDeploymentPostprocessing = 0;
		};
		1FA8AE8C2C457E34009BB656 /* Frameworks */ = {
			isa = PBXFrameworksBuildPhase;
			buildActionMask = 2147483647;
			files = (
			);
			runOnlyForDeploymentPostprocessing = 0;
		};
		1FA8AE962C457E34009BB656 /* Frameworks */ = {
			isa = PBXFrameworksBuildPhase;
			buildActionMask = 2147483647;
			files = (
			);
			runOnlyForDeploymentPostprocessing = 0;
		};
/* End PBXFrameworksBuildPhase section */

/* Begin PBXGroup section */
		1FA8AE6D2C457E32009BB656 = {
			isa = PBXGroup;
			children = (
				1FA8AE782C457E33009BB656 /* ballTest */,
				1FA8AE922C457E34009BB656 /* ballTestTests */,
				1FA8AE9C2C457E34009BB656 /* ballTestUITests */,
				1FA8AE772C457E33009BB656 /* Products */,
			);
			sourceTree = "<group>";
		};
		1FA8AE772C457E33009BB656 /* Products */ = {
			isa = PBXGroup;
			children = (
				1FA8AE762C457E33009BB656 /* ballTest.app */,
				1FA8AE8F2C457E34009BB656 /* ballTestTests.xctest */,
				1FA8AE992C457E34009BB656 /* ballTestUITests.xctest */,
			);
			name = Products;
			sourceTree = "<group>";
		};
		1FA8AE782C457E33009BB656 /* ballTest */ = {
			isa = PBXGroup;
			children = (
				1FA8AE792C457E33009BB656 /* AppDelegate.swift */,
				1FA8AE7B2C457E33009BB656 /* GameScene.sks */,
				1FA8AE7D2C457E33009BB656 /* Actions.sks */,
				1FA8AE7F2C457E33009BB656 /* GameScene.swift */,
				1FA8AE812C457E33009BB656 /* GameViewController.swift */,
				1FA8AE832C457E33009BB656 /* Main.storyboard */,
				1FA8AE862C457E34009BB656 /* Assets.xcassets */,
				1FA8AE882C457E34009BB656 /* LaunchScreen.storyboard */,
			);
			path = ballTest;
			sourceTree = "<group>";
		};
		1FA8AE922C457E34009BB656 /* ballTestTests */ = {
			isa = PBXGroup;
			children = (
				1FA8AE932C457E34009BB656 /* ballTestTests.swift */,
			);
			path = ballTestTests;
			sourceTree = "<group>";
		};
		1FA8AE9C2C457E34009BB656 /* ballTestUITests */ = {
			isa = PBXGroup;
			children = (
				1FA8AE9D2C457E34009BB656 /* ballTestUITests.swift */,
				1FA8AE9F2C457E34009BB656 /* ballTestUITestsLaunchTests.swift */,
			);
			path = ballTestUITests;
			sourceTree = "<group>";
		};
/* End PBXGroup section */

/* Begin PBXNativeTarget section */
		1FA8AE752C457E33009BB656 /* ballTest */ = {
			isa = PBXNativeTarget;
			buildConfigurationList = 1FA8AEA32C457E34009BB656 /* Build configuration list for PBXNativeTarget "ballTest" */;
			buildPhases = (
				1FA8AE722C457E33009BB656 /* Sources */,
				1FA8AE732C457E33009BB656 /* Frameworks */,
				1FA8AE742C457E33009BB656 /* Resources */,
			);
			buildRules = (
			);
			dependencies = (
			);
			name = ballTest;
			productName = ballTest;
			productReference = 1FA8AE762C457E33009BB656 /* ballTest.app */;
			productType = "com.apple.product-type.application";
		};
		1FA8AE8E2C457E34009BB656 /* ballTestTests */ = {
			isa = PBXNativeTarget;
			buildConfigurationList = 1FA8AEA62C457E35009BB656 /* Build configuration list for PBXNativeTarget "ballTestTests" */;
			buildPhases = (
				1FA8AE8B2C457E34009BB656 /* Sources */,
				1FA8AE8C2C457E34009BB656 /* Frameworks */,
				1FA8AE8D2C457E34009BB656 /* Resources */,
			);
			buildRules = (
			);
			dependencies = (
				1FA8AE912C457E34009BB656 /* PBXTargetDependency */,
			);
			name = ballTestTests;
			productName = ballTestTests;
			productReference = 1FA8AE8F2C457E34009BB656 /* ballTestTests.xctest */;
			productType = "com.apple.product-type.bundle.unit-test";
		};
		1FA8AE982C457E34009BB656 /* ballTestUITests */ = {
			isa = PBXNativeTarget;
			buildConfigurationList = 1FA8AEA92C457E35009BB656 /* Build configuration list for PBXNativeTarget "ballTestUITests" */;
			buildPhases = (
				1FA8AE952C457E34009BB656 /* Sources */,
				1FA8AE962C457E34009BB656 /* Frameworks */,
				1FA8AE972C457E34009BB656 /* Resources */,
			);
			buildRules = (
			);
			dependencies = (
				1FA8AE9B2C457E34009BB656 /* PBXTargetDependency */,
			);
			name = ballTestUITests;
			productName = ballTestUITests;
			productReference = 1FA8AE992C457E34009BB656 /* ballTestUITests.xctest */;
			productType = "com.apple.product-type.bundle.ui-testing";
		};
/* End PBXNativeTarget section */

/* Begin PBXProject section */
		1FA8AE6E2C457E32009BB656 /* Project object */ = {
			isa = PBXProject;
			attributes = {
				BuildIndependentTargetsInParallel = 1;
				LastSwiftUpdateCheck = 1540;
				LastUpgradeCheck = 1540;
				TargetAttributes = {
					1FA8AE752C457E33009BB656 = {
						CreatedOnToolsVersion = 15.4;
					};
					1FA8AE8E2C457E34009BB656 = {
						CreatedOnToolsVersion = 15.4;
						TestTargetID = 1FA8AE752C457E33009BB656;
					};
					1FA8AE982C457E34009BB656 = {
						CreatedOnToolsVersion = 15.4;
						TestTargetID = 1FA8AE752C457E33009BB656;
					};
				};
			};
			buildConfigurationList = 1FA8AE712C457E32009BB656 /* Build configuration list for PBXProject "ballTest" */;
			compatibilityVersion = "Xcode 14.0";
			developmentRegion = en;
			hasScannedForEncodings = 0;
			knownRegions = (
				en,
				Base,
			);
			mainGroup = 1FA8AE6D2C457E32009BB656;
			productRefGroup = 1FA8AE772C457E33009BB656 /* Products */;
			projectDirPath = "";
			projectRoot = "";
			targets = (
				1FA8AE752C457E33009BB656 /* ballTest */,
				1FA8AE8E2C457E34009BB656 /* ballTestTests */,
				1FA8AE982C457E34009BB656 /* ballTestUITests */,
			);
		};
/* End PBXProject section */

/* Begin PBXResourcesBuildPhase section */
		1FA8AE742C457E33009BB656 /* Resources */ = {
			isa = PBXResourcesBuildPhase;
			buildActionMask = 2147483647;
			files = (
				1FA8AE7C2C457E33009BB656 /* GameScene.sks in Resources */,
				1FA8AE852C457E33009BB656 /* Base in Resources */,
				1FA8AE872C457E34009BB656 /* Assets.xcassets in Resources */,
				1FA8AE7E2C457E33009BB656 /* Actions.sks in Resources */,
				1FA8AE8A2C457E34009BB656 /* Base in Resources */,
			);
			runOnlyForDeploymentPostprocessing = 0;
		};
		1FA8AE8D2C457E34009BB656 /* Resources */ = {
			isa = PBXResourcesBuildPhase;
			buildActionMask = 2147483647;
			files = (
			);
			runOnlyForDeploymentPostprocessing = 0;
		};
		1FA8AE972C457E34009BB656 /* Resources */ = {
			isa = PBXResourcesBuildPhase;
			buildActionMask = 2147483647;
			files = (
			);
			runOnlyForDeploymentPostprocessing = 0;
		};
/* End PBXResourcesBuildPhase section */

/* Begin PBXSourcesBuildPhase section */
		1FA8AE722C457E33009BB656 /* Sources */ = {
			isa = PBXSourcesBuildPhase;
			buildActionMask = 2147483647;
			files = (
				1FA8AE802C457E33009BB656 /* GameScene.swift in Sources */,
				1FA8AE822C457E33009BB656 /* GameViewController.swift in Sources */,
				1FA8AE7A2C457E33009BB656 /* AppDelegate.swift in Sources */,
			);
			runOnlyForDeploymentPostprocessing = 0;
		};
		1FA8AE8B2C457E34009BB656 /* Sources */ = {
			isa = PBXSourcesBuildPhase;
			buildActionMask = 2147483647;
			files = (
				1FA8AE942C457E34009BB656 /* ballTestTests.swift in Sources */,
			);
			runOnlyForDeploymentPostprocessing = 0;
		};
		1FA8AE952C457E34009BB656 /* Sources */ = {
			isa = PBXSourcesBuildPhase;
			buildActionMask = 2147483647;
			files = (
				1FA8AEA02C457E34009BB656 /* ballTestUITestsLaunchTests.swift in Sources */,
				1FA8AE9E2C457E34009BB656 /* ballTestUITests.swift in Sources */,
			);
			runOnlyForDeploymentPostprocessing = 0;
		};
/* End PBXSourcesBuildPhase section */

/* Begin PBXTargetDependency section */
		1FA8AE912C457E34009BB656 /* PBXTargetDependency */ = {
			isa = PBXTargetDependency;
			target = 1FA8AE752C457E33009BB656 /* ballTest */;
			targetProxy = 1FA8AE902C457E34009BB656 /* PBXContainerItemProxy */;
		};
		1FA8AE9B2C457E34009BB656 /* PBXTargetDependency */ = {
			isa = PBXTargetDependency;
			target = 1FA8AE752C457E33009BB656 /* ballTest */;
			targetProxy = 1FA8AE9A2C457E34009BB656 /* PBXContainerItemProxy */;
		};
/* End PBXTargetDependency section */

/* Begin PBXVariantGroup section */
		1FA8AE832C457E33009BB656 /* Main.storyboard */ = {
			isa = PBXVariantGroup;
			children = (
				1FA8AE842C457E33009BB656 /* Base */,
			);
			name = Main.storyboard;
			sourceTree = "<group>";
		};
		1FA8AE882C457E34009BB656 /* LaunchScreen.storyboard */ = {
			isa = PBXVariantGroup;
			children = (
				1FA8AE892C457E34009BB656 /* Base */,
			);
			name = LaunchScreen.storyboard;
			sourceTree = "<group>";
		};
/* End PBXVariantGroup section */

/* Begin XCBuildConfiguration section */
		1FA8AEA12C457E34009BB656 /* Debug */ = {
			isa = XCBuildConfiguration;
			buildSettings = {
				ALWAYS_SEARCH_USER_PATHS = NO;
				ASSETCATALOG_COMPILER_GENERATE_SWIFT_ASSET_SYMBOL_EXTENSIONS = YES;
				CLANG_ANALYZER_NONNULL = YES;
				CLANG_ANALYZER_NUMBER_OBJECT_CONVERSION = YES_AGGRESSIVE;
				CLANG_CXX_LANGUAGE_STANDARD = "gnu++20";
				CLANG_ENABLE_MODULES = YES;
				CLANG_ENABLE_OBJC_ARC = YES;
				CLANG_ENABLE_OBJC_WEAK = YES;
				CLANG_WARN_BLOCK_CAPTURE_AUTORELEASING = YES;
				CLANG_WARN_BOOL_CONVERSION = YES;
				CLANG_WARN_COMMA = YES;
				CLANG_WARN_CONSTANT_CONVERSION = YES;
				CLANG_WARN_DEPRECATED_OBJC_IMPLEMENTATIONS = YES;
				CLANG_WARN_DIRECT_OBJC_ISA_USAGE = YES_ERROR;
				CLANG_WARN_DOCUMENTATION_COMMENTS = YES;
				CLANG_WARN_EMPTY_BODY = YES;
				CLANG_WARN_ENUM_CONVERSION = YES;
				CLANG_WARN_INFINITE_RECURSION = YES;
				CLANG_WARN_INT_CONVERSION = YES;
				CLANG_WARN_NON_LITERAL_NULL_CONVERSION = YES;
				CLANG_WARN_OBJC_IMPLICIT_RETAIN_SELF = YES;
				CLANG_WARN_OBJC_LITERAL_CONVERSION = YES;
				CLANG_WARN_OBJC_ROOT_CLASS = YES_ERROR;
				CLANG_WARN_QUOTED_INCLUDE_IN_FRAMEWORK_HEADER = YES;
				CLANG_WARN_RANGE_LOOP_ANALYSIS = YES;
				CLANG_WARN_STRICT_PROTOTYPES = YES;
				CLANG_WARN_SUSPICIOUS_MOVE = YES;
				CLANG_WARN_UNGUARDED_AVAILABILITY = YES_AGGRESSIVE;
				CLANG_WARN_UNREACHABLE_CODE = YES;
				CLANG_WARN__DUPLICATE_METHOD_MATCH = YES;
				COPY_PHASE_STRIP = NO;
				DEBUG_INFORMATION_FORMAT = dwarf;
				ENABLE_STRICT_OBJC_MSGSEND = YES;
				ENABLE_TESTABILITY = YES;
				ENABLE_USER_SCRIPT_SANDBOXING = YES;
				GCC_C_LANGUAGE_STANDARD = gnu17;
				GCC_DYNAMIC_NO_PIC = NO;
				GCC_NO_COMMON_BLOCKS = YES;
				GCC_OPTIMIZATION_LEVEL = 0;
				GCC_PREPROCESSOR_DEFINITIONS = (
					"DEBUG=1",
					"$(inherited)",
				);
				GCC_WARN_64_TO_32_BIT_CONVERSION = YES;
				GCC_WARN_ABOUT_RETURN_TYPE = YES_ERROR;
				GCC_WARN_UNDECLARED_SELECTOR = YES;
				GCC_WARN_UNINITIALIZED_AUTOS = YES_AGGRESSIVE;
				GCC_WARN_UNUSED_FUNCTION = YES;
				GCC_WARN_UNUSED_VARIABLE = YES;
				IPHONEOS_DEPLOYMENT_TARGET = 17.5;
				LOCALIZATION_PREFERS_STRING_CATALOGS = YES;
				MTL_ENABLE_DEBUG_INFO = INCLUDE_SOURCE;
				MTL_FAST_MATH = YES;
				ONLY_ACTIVE_ARCH = YES;
				SDKROOT = iphoneos;
				SWIFT_ACTIVE_COMPILATION_CONDITIONS = "DEBUG $(inherited)";
				SWIFT_OPTIMIZATION_LEVEL = "-Onone";
			};
			name = Debug;
		};
		1FA8AEA22C457E34009BB656 /* Release */ = {
			isa = XCBuildConfiguration;
			buildSettings = {
				ALWAYS_SEARCH_USER_PATHS = NO;
				ASSETCATALOG_COMPILER_GENERATE_SWIFT_ASSET_SYMBOL_EXTENSIONS = YES;
				CLANG_ANALYZER_NONNULL = YES;
				CLANG_ANALYZER_NUMBER_OBJECT_CONVERSION = YES_AGGRESSIVE;
				CLANG_CXX_LANGUAGE_STANDARD = "gnu++20";
				CLANG_ENABLE_MODULES = YES;
				CLANG_ENABLE_OBJC_ARC = YES;
				CLANG_ENABLE_OBJC_WEAK = YES;
				CLANG_WARN_BLOCK_CAPTURE_AUTORELEASING = YES;
				CLANG_WARN_BOOL_CONVERSION = YES;
				CLANG_WARN_COMMA = YES;
				CLANG_WARN_CONSTANT_CONVERSION = YES;
				CLANG_WARN_DEPRECATED_OBJC_IMPLEMENTATIONS = YES;
				CLANG_WARN_DIRECT_OBJC_ISA_USAGE = YES_ERROR;
				CLANG_WARN_DOCUMENTATION_COMMENTS = YES;
				CLANG_WARN_EMPTY_BODY = YES;
				CLANG_WARN_ENUM_CONVERSION = YES;
				CLANG_WARN_INFINITE_RECURSION = YES;
				CLANG_WARN_INT_CONVERSION = YES;
				CLANG_WARN_NON_LITERAL_NULL_CONVERSION = YES;
				CLANG_WARN_OBJC_IMPLICIT_RETAIN_SELF = YES;
				CLANG_WARN_OBJC_LITERAL_CONVERSION = YES;
				CLANG_WARN_OBJC_ROOT_CLASS = YES_ERROR;
				CLANG_WARN_QUOTED_INCLUDE_IN_FRAMEWORK_HEADER = YES;
				CLANG_WARN_RANGE_LOOP_ANALYSIS = YES;
				CLANG_WARN_STRICT_PROTOTYPES = YES;
				CLANG_WARN_SUSPICIOUS_MOVE = YES;
				CLANG_WARN_UNGUARDED_AVAILABILITY = YES_AGGRESSIVE;
				CLANG_WARN_UNREACHABLE_CODE = YES;
				CLANG_WARN__DUPLICATE_METHOD_MATCH = YES;
				COPY_PHASE_STRIP = NO;
				DEBUG_INFORMATION_FORMAT = "dwarf-with-dsym";
				ENABLE_NS_ASSERTIONS = NO;
				ENABLE_STRICT_OBJC_MSGSEND = YES;
				ENABLE_USER_SCRIPT_SANDBOXING = YES;
				GCC_C_LANGUAGE_STANDARD = gnu17;
				GCC_NO_COMMON_BLOCKS = YES;
				GCC_WARN_64_TO_32_BIT_CONVERSION = YES;
				GCC_WARN_ABOUT_RETURN_TYPE = YES_ERROR;
				GCC_WARN_UNDECLARED_SELECTOR = YES;
				GCC_WARN_UNINITIALIZED_AUTOS = YES_AGGRESSIVE;
				GCC_WARN_UNUSED_FUNCTION = YES;
				GCC_WARN_UNUSED_VARIABLE = YES;
				IPHONEOS_DEPLOYMENT_TARGET = 17.5;
				LOCALIZATION_PREFERS_STRING_CATALOGS = YES;
				MTL_ENABLE_DEBUG_INFO = NO;
				MTL_FAST_MATH = YES;
				SDKROOT = iphoneos;
				SWIFT_COMPILATION_MODE = wholemodule;
				VALIDATE_PRODUCT = YES;
			};
			name = Release;
		};
		1FA8AEA42C457E34009BB656 /* Debug */ = {
			isa = XCBuildConfiguration;
			buildSettings = {
				ASSETCATALOG_COMPILER_APPICON_NAME = AppIcon;
				ASSETCATALOG_COMPILER_GLOBAL_ACCENT_COLOR_NAME = AccentColor;
				CODE_SIGN_STYLE = Automatic;
				CURRENT_PROJECT_VERSION = 1;
				GENERATE_INFOPLIST_FILE = YES;
				INFOPLIST_KEY_UIApplicationSupportsIndirectInputEvents = YES;
				INFOPLIST_KEY_UILaunchStoryboardName = LaunchScreen;
				INFOPLIST_KEY_UIMainStoryboardFile = Main;
				INFOPLIST_KEY_UIStatusBarHidden = YES;
				INFOPLIST_KEY_UISupportedInterfaceOrientations_iPad = "UIInterfaceOrientationPortrait UIInterfaceOrientationPortraitUpsideDown UIInterfaceOrientationLandscapeLeft UIInterfaceOrientationLandscapeRight";
				INFOPLIST_KEY_UISupportedInterfaceOrientations_iPhone = "UIInterfaceOrientationPortrait UIInterfaceOrientationLandscapeLeft UIInterfaceOrientationLandscapeRight";
				LD_RUNPATH_SEARCH_PATHS = (
					"$(inherited)",
					"@executable_path/Frameworks",
				);
				MARKETING_VERSION = 1.0;
				PRODUCT_BUNDLE_IDENTIFIER = nmt736.ballTest;
				PRODUCT_NAME = "$(TARGET_NAME)";
				SWIFT_EMIT_LOC_STRINGS = YES;
				SWIFT_VERSION = 5.0;
				TARGETED_DEVICE_FAMILY = "1,2";
			};
			name = Debug;
		};
		1FA8AEA52C457E34009BB656 /* Release */ = {
			isa = XCBuildConfiguration;
			buildSettings = {
				ASSETCATALOG_COMPILER_APPICON_NAME = AppIcon;
				ASSETCATALOG_COMPILER_GLOBAL_ACCENT_COLOR_NAME = AccentColor;
				CODE_SIGN_STYLE = Automatic;
				CURRENT_PROJECT_VERSION = 1;
				GENERATE_INFOPLIST_FILE = YES;
				INFOPLIST_KEY_UIApplicationSupportsIndirectInputEvents = YES;
				INFOPLIST_KEY_UILaunchStoryboardName = LaunchScreen;
				INFOPLIST_KEY_UIMainStoryboardFile = Main;
				INFOPLIST_KEY_UIStatusBarHidden = YES;
				INFOPLIST_KEY_UISupportedInterfaceOrientations_iPad = "UIInterfaceOrientationPortrait UIInterfaceOrientationPortraitUpsideDown UIInterfaceOrientationLandscapeLeft UIInterfaceOrientationLandscapeRight";
				INFOPLIST_KEY_UISupportedInterfaceOrientations_iPhone = "UIInterfaceOrientationPortrait UIInterfaceOrientationLandscapeLeft UIInterfaceOrientationLandscapeRight";
				LD_RUNPATH_SEARCH_PATHS = (
					"$(inherited)",
					"@executable_path/Frameworks",
				);
				MARKETING_VERSION = 1.0;
				PRODUCT_BUNDLE_IDENTIFIER = nmt736.ballTest;
				PRODUCT_NAME = "$(TARGET_NAME)";
				SWIFT_EMIT_LOC_STRINGS = YES;
				SWIFT_VERSION = 5.0;
				TARGETED_DEVICE_FAMILY = "1,2";
			};
			name = Release;
		};
		1FA8AEA72C457E35009BB656 /* Debug */ = {
			isa = XCBuildConfiguration;
			buildSettings = {
				ALWAYS_EMBED_SWIFT_STANDARD_LIBRARIES = YES;
				BUNDLE_LOADER = "$(TEST_HOST)";
				CODE_SIGN_STYLE = Automatic;
				CURRENT_PROJECT_VERSION = 1;
				GENERATE_INFOPLIST_FILE = YES;
				IPHONEOS_DEPLOYMENT_TARGET = 17.5;
				MARKETING_VERSION = 1.0;
				PRODUCT_BUNDLE_IDENTIFIER = nmt736.ballTestTests;
				PRODUCT_NAME = "$(TARGET_NAME)";
				SWIFT_EMIT_LOC_STRINGS = NO;
				SWIFT_VERSION = 5.0;
				TARGETED_DEVICE_FAMILY = "1,2";
				TEST_HOST = "$(BUILT_PRODUCTS_DIR)/ballTest.app/$(BUNDLE_EXECUTABLE_FOLDER_PATH)/ballTest";
			};
			name = Debug;
		};
		1FA8AEA82C457E35009BB656 /* Release */ = {
			isa = XCBuildConfiguration;
			buildSettings = {
				ALWAYS_EMBED_SWIFT_STANDARD_LIBRARIES = YES;
				BUNDLE_LOADER = "$(TEST_HOST)";
				CODE_SIGN_STYLE = Automatic;
				CURRENT_PROJECT_VERSION = 1;
				GENERATE_INFOPLIST_FILE = YES;
				IPHONEOS_DEPLOYMENT_TARGET = 17.5;
				MARKETING_VERSION = 1.0;
				PRODUCT_BUNDLE_IDENTIFIER = nmt736.ballTestTests;
				PRODUCT_NAME = "$(TARGET_NAME)";
				SWIFT_EMIT_LOC_STRINGS = NO;
				SWIFT_VERSION = 5.0;
				TARGETED_DEVICE_FAMILY = "1,2";
				TEST_HOST = "$(BUILT_PRODUCTS_DIR)/ballTest.app/$(BUNDLE_EXECUTABLE_FOLDER_PATH)/ballTest";
			};
			name = Release;
		};
		1FA8AEAA2C457E35009BB656 /* Debug */ = {
			isa = XCBuildConfiguration;
			buildSettings = {
				ALWAYS_EMBED_SWIFT_STANDARD_LIBRARIES = YES;
				CODE_SIGN_STYLE = Automatic;
				CURRENT_PROJECT_VERSION = 1;
				GENERATE_INFOPLIST_FILE = YES;
				MARKETING_VERSION = 1.0;
				PRODUCT_BUNDLE_IDENTIFIER = nmt736.ballTestUITests;
				PRODUCT_NAME = "$(TARGET_NAME)";
				SWIFT_EMIT_LOC_STRINGS = NO;
				SWIFT_VERSION = 5.0;
				TARGETED_DEVICE_FAMILY = "1,2";
				TEST_TARGET_NAME = ballTest;
			};
			name = Debug;
		};
		1FA8AEAB2C457E35009BB656 /* Release */ = {
			isa = XCBuildConfiguration;
			buildSettings = {
				ALWAYS_EMBED_SWIFT_STANDARD_LIBRARIES = YES;
				CODE_SIGN_STYLE = Automatic;
				CURRENT_PROJECT_VERSION = 1;
				GENERATE_INFOPLIST_FILE = YES;
				MARKETING_VERSION = 1.0;
				PRODUCT_BUNDLE_IDENTIFIER = nmt736.ballTestUITests;
				PRODUCT_NAME = "$(TARGET_NAME)";
				SWIFT_EMIT_LOC_STRINGS = NO;
				SWIFT_VERSION = 5.0;
				TARGETED_DEVICE_FAMILY = "1,2";
				TEST_TARGET_NAME = ballTest;
			};
			name = Release;
		};
/* End XCBuildConfiguration section */

/* Begin XCConfigurationList section */
		1FA8AE712C457E32009BB656 /* Build configuration list for PBXProject "ballTest" */ = {
			isa = XCConfigurationList;
			buildConfigurations = (
				1FA8AEA12C457E34009BB656 /* Debug */,
				1FA8AEA22C457E34009BB656 /* Release */,
			);
			defaultConfigurationIsVisible = 0;
			defaultConfigurationName = Release;
		};
		1FA8AEA32C457E34009BB656 /* Build configuration list for PBXNativeTarget "ballTest" */ = {
			isa = XCConfigurationList;
			buildConfigurations = (
				1FA8AEA42C457E34009BB656 /* Debug */,
				1FA8AEA52C457E34009BB656 /* Release */,
			);
			defaultConfigurationIsVisible = 0;
			defaultConfigurationName = Release;
		};
		1FA8AEA62C457E35009BB656 /* Build configuration list for PBXNativeTarget "ballTestTests" */ = {
			isa = XCConfigurationList;
			buildConfigurations = (
				1FA8AEA72C457E35009BB656 /* Debug */,
				1FA8AEA82C457E35009BB656 /* Release */,
			);
			defaultConfigurationIsVisible = 0;
			defaultConfigurationName = Release;
		};
		1FA8AEA92C457E35009BB656 /* Build configuration list for PBXNativeTarget "ballTestUITests" */ = {
			isa = XCConfigurationList;
			buildConfigurations = (
				1FA8AEAA2C457E35009BB656 /* Debug */,
				1FA8AEAB2C457E35009BB656 /* Release */,
			);
			defaultConfigurationIsVisible = 0;
			defaultConfigurationName = Release;
		};
/* End XCConfigurationList section */
	};
	rootObject = 1FA8AE6E2C457E32009BB656 /* Project object */;
}
